
Microsoft Visual Studio Solution File, Format Version 12.00
# Visual Studio Version 16
VisualStudioVersion = 16.0.29728.190
MinimumVisualStudioVersion = 10.0.40219.1
Project("{FAE04EC0-301F-11D3-BF4B-00C04F79EFBC}") = "kurs", "kurs\kurs.csproj", "{E314D51E-6BCE-418B-BF4D-C3C490CCBDE5}"
EndProject
Global
	GlobalSection(SolutionConfigurationPlatforms) = preSolution
		Debug|Any CPU = Debug|Any CPU
		Release|Any CPU = Release|Any CPU
	EndGlobalSection
	GlobalSection(ProjectConfigurationPlatforms) = postSolution
		{E314D51E-6BCE-418B-BF4D-C3C490CCBDE5}.Debug|Any CPU.ActiveCfg = Debug|Any CPU
		{E314D51E-6BCE-418B-BF4D-C3C490CCBDE5}.Debug|Any CPU.Build.0 = Debug|Any CPU
		{E314D51E-6BCE-418B-BF4D-C3C490CCBDE5}.Release|Any CPU.ActiveCfg = Release|Any CPU
		{E314D51E-6BCE-418B-BF4D-C3C490CCBDE5}.Release|Any CPU.Build.0 = Release|Any CPU
	EndGlobalSection
	GlobalSection(SolutionProperties) = preSolution
		HideSolutionNode = FALSE
	EndGlobalSection
	GlobalSection(ExtensibilityGlobals) = postSolution
		SolutionGuid = {E3299383-5D25-47F2-A12E-5AB1F939C760}
	EndGlobalSection
EndGlobal
